// !$*UTF8*$!
{
	archiveVersion = 1;
	classes = {
	};
	objectVersion = 56;
	objects = {

/* Begin PBXBuildFile section */
		5529A6FD29DA50EE00E9044D /* APIClient.swift in Sources */ = {isa = PBXBuildFile; fileRef = 5529A6FC29DA50EE00E9044D /* APIClient.swift */; };
		5529A6FF29DA511700E9044D /* NetworkDispatcher.swift in Sources */ = {isa = PBXBuildFile; fileRef = 5529A6FE29DA511700E9044D /* NetworkDispatcher.swift */; };
		5529A70129DA513800E9044D /* NetworkRequestError.swift in Sources */ = {isa = PBXBuildFile; fileRef = 5529A70029DA513800E9044D /* NetworkRequestError.swift */; };
		5529A70329DA515100E9044D /* Request.swift in Sources */ = {isa = PBXBuildFile; fileRef = 5529A70229DA515100E9044D /* Request.swift */; };
		5529A70529DA516B00E9044D /* RequestPublisher.swift in Sources */ = {isa = PBXBuildFile; fileRef = 5529A70429DA516B00E9044D /* RequestPublisher.swift */; };
		5529A70729DA518500E9044D /* NetworkingLogger.swift in Sources */ = {isa = PBXBuildFile; fileRef = 5529A70629DA518500E9044D /* NetworkingLogger.swift */; };
		5529A70929DA51F800E9044D /* JSONManager.swift in Sources */ = {isa = PBXBuildFile; fileRef = 5529A70829DA51F800E9044D /* JSONManager.swift */; };
		5529A70B29DA527600E9044D /* URLRequest+extension.swift in Sources */ = {isa = PBXBuildFile; fileRef = 5529A70A29DA527600E9044D /* URLRequest+extension.swift */; };
		5529A70D29DA52CB00E9044D /* Dictionary+extension.swift in Sources */ = {isa = PBXBuildFile; fileRef = 5529A70C29DA52CB00E9044D /* Dictionary+extension.swift */; };
		5529A70F29DA531800E9044D /* Secrets.plist in Resources */ = {isa = PBXBuildFile; fileRef = 5529A70E29DA531800E9044D /* Secrets.plist */; };
		5529A71129DA538700E9044D /* Env.swift in Sources */ = {isa = PBXBuildFile; fileRef = 5529A71029DA538700E9044D /* Env.swift */; };
		5529A71429DA5B2E00E9044D /* ChatRequest.swift in Sources */ = {isa = PBXBuildFile; fileRef = 5529A71329DA5B2E00E9044D /* ChatRequest.swift */; };
		5529A71629DA5B6600E9044D /* Message.swift in Sources */ = {isa = PBXBuildFile; fileRef = 5529A71529DA5B6600E9044D /* Message.swift */; };
		5529A71829DA5BF300E9044D /* Conversation.swift in Sources */ = {isa = PBXBuildFile; fileRef = 5529A71729DA5BF300E9044D /* Conversation.swift */; };
		558D329829C29F7F00075D41 /* view+Extention.swift in Sources */ = {isa = PBXBuildFile; fileRef = 558D329729C29F7F00075D41 /* view+Extention.swift */; };
		558D32A029C2F0D200075D41 /* FirebaseAuth in Frameworks */ = {isa = PBXBuildFile; productRef = 558D329F29C2F0D200075D41 /* FirebaseAuth */; };
		558D32A229C2F4DC00075D41 /* AuthManager.swift in Sources */ = {isa = PBXBuildFile; fileRef = 558D32A129C2F4DC00075D41 /* AuthManager.swift */; };
		558D32A429C2F56400075D41 /* string+Extention.swift in Sources */ = {isa = PBXBuildFile; fileRef = 558D32A329C2F56400075D41 /* string+Extention.swift */; };
		558D32A629C2FA7400075D41 /* GoogleService-Info.plist in Resources */ = {isa = PBXBuildFile; fileRef = 558D32A529C2FA7400075D41 /* GoogleService-Info.plist */; };
		558D32A929C3E53A00075D41 /* AuthView.swift in Sources */ = {isa = PBXBuildFile; fileRef = 558D32A829C3E53A00075D41 /* AuthView.swift */; };
		558D32AB29C3F76100075D41 /* CircularBottomSheet.swift in Sources */ = {isa = PBXBuildFile; fileRef = 558D32AA29C3F76100075D41 /* CircularBottomSheet.swift */; };
		558D32B029C667CF00075D41 /* RoundedCornerButtonStyle.swift in Sources */ = {isa = PBXBuildFile; fileRef = 558D32AF29C667CF00075D41 /* RoundedCornerButtonStyle.swift */; };
		558D32B229C66FDE00075D41 /* RepeatableVideoView.swift in Sources */ = {isa = PBXBuildFile; fileRef = 558D32B129C66FDE00075D41 /* RepeatableVideoView.swift */; };
		558D32B829C675B700075D41 /* BottomSheetWithDismissView.swift in Sources */ = {isa = PBXBuildFile; fileRef = 558D32B729C675B700075D41 /* BottomSheetWithDismissView.swift */; };
		558D32BB29C685B800075D41 /* EmailSignUpView.swift in Sources */ = {isa = PBXBuildFile; fileRef = 558D32BA29C685B800075D41 /* EmailSignUpView.swift */; };
		558D32BD29C6886300075D41 /* SignInView.swift in Sources */ = {isa = PBXBuildFile; fileRef = 558D32BC29C6886300075D41 /* SignInView.swift */; };
		558D32BF29C688A700075D41 /* LogInView.swift in Sources */ = {isa = PBXBuildFile; fileRef = 558D32BE29C688A700075D41 /* LogInView.swift */; };
		558D32C229C699FB00075D41 /* KeyboardObserving in Frameworks */ = {isa = PBXBuildFile; productRef = 558D32C129C699FB00075D41 /* KeyboardObserving */; };
		558D32C429C69E4500075D41 /* SceneDelegate.swift in Sources */ = {isa = PBXBuildFile; fileRef = 558D32C329C69E4500075D41 /* SceneDelegate.swift */; };
		558D32CE29C79D0200075D41 /* robot-arm-bionic-prosthesis-connection-communication-SBV-332135206-HD.mov in Resources */ = {isa = PBXBuildFile; fileRef = 558D32CD29C79D0200075D41 /* robot-arm-bionic-prosthesis-connection-communication-SBV-332135206-HD.mov */; };
		558D32D029C7A3D600075D41 /* MainView.swift in Sources */ = {isa = PBXBuildFile; fileRef = 558D32CF29C7A3D600075D41 /* MainView.swift */; };
		558D32D229C7A5A600075D41 /* UserLabel.swift in Sources */ = {isa = PBXBuildFile; fileRef = 558D32D129C7A5A600075D41 /* UserLabel.swift */; };
		558D32D429C7AE3E00075D41 /* AccountView.swift in Sources */ = {isa = PBXBuildFile; fileRef = 558D32D329C7AE3E00075D41 /* AccountView.swift */; };
		558E127629CA8CEB004CCF71 /* OpenAIKit in Frameworks */ = {isa = PBXBuildFile; productRef = 558E127529CA8CEB004CCF71 /* OpenAIKit */; };
		558E127829CFD541004CCF71 /* QuestionsView.swift in Sources */ = {isa = PBXBuildFile; fileRef = 558E127729CFD541004CCF71 /* QuestionsView.swift */; };
		558E127B29CFD5C8004CCF71 /* QuestionView.swift in Sources */ = {isa = PBXBuildFile; fileRef = 558E127A29CFD5C8004CCF71 /* QuestionView.swift */; };
		558E127E29CFF0D8004CCF71 /* question.swift in Sources */ = {isa = PBXBuildFile; fileRef = 558E127D29CFF0D8004CCF71 /* question.swift */; };
		558E128029D0B1CE004CCF71 /* QuestionsViewModel.swift in Sources */ = {isa = PBXBuildFile; fileRef = 558E127F29D0B1CE004CCF71 /* QuestionsViewModel.swift */; };
		559506B629D0C2BD002D6E49 /* QuestionLabel.swift in Sources */ = {isa = PBXBuildFile; fileRef = 559506B529D0C2BD002D6E49 /* QuestionLabel.swift */; };
		55BD9CBF29BEA43200B065C3 /* ChatBubble.swift in Sources */ = {isa = PBXBuildFile; fileRef = 55BD9CBE29BEA43200B065C3 /* ChatBubble.swift */; };
		55BD9CC229BEA65500B065C3 /* ChatBubleShape.swift in Sources */ = {isa = PBXBuildFile; fileRef = 55BD9CC129BEA65500B065C3 /* ChatBubleShape.swift */; };
		55BD9CC429BEA6D000B065C3 /* UserChatBubble.swift in Sources */ = {isa = PBXBuildFile; fileRef = 55BD9CC329BEA6D000B065C3 /* UserChatBubble.swift */; };
		55BD9CC629BEA81900B065C3 /* JuCChatBubble.swift in Sources */ = {isa = PBXBuildFile; fileRef = 55BD9CC529BEA81900B065C3 /* JuCChatBubble.swift */; };
		55BD9CCA29C02A5900B065C3 /* TextEntryView.swift in Sources */ = {isa = PBXBuildFile; fileRef = 55BD9CC929C02A5900B065C3 /* TextEntryView.swift */; };
		55BD9CCC29C0385000B065C3 /* BottomSheet.swift in Sources */ = {isa = PBXBuildFile; fileRef = 55BD9CCB29C0385000B065C3 /* BottomSheet.swift */; };
		55CACC3A29AAAAE8000027FC /* JuCApp.swift in Sources */ = {isa = PBXBuildFile; fileRef = 55CACC3929AAAAE8000027FC /* JuCApp.swift */; };
		55CACC3C29AAAAE8000027FC /* ContentView.swift in Sources */ = {isa = PBXBuildFile; fileRef = 55CACC3B29AAAAE8000027FC /* ContentView.swift */; };
		55CACC3E29AAAAE9000027FC /* Assets.xcassets in Resources */ = {isa = PBXBuildFile; fileRef = 55CACC3D29AAAAE9000027FC /* Assets.xcassets */; };
		55CACC4229AAAAE9000027FC /* Preview Assets.xcassets in Resources */ = {isa = PBXBuildFile; fileRef = 55CACC4129AAAAE9000027FC /* Preview Assets.xcassets */; };
		55CACC5729AC3849000027FC /* AsyncHTTPClient in Frameworks */ = {isa = PBXBuildFile; productRef = 55CACC5629AC3849000027FC /* AsyncHTTPClient */; };
		55CACC5929AC39F2000027FC /* JuCManager.swift in Sources */ = {isa = PBXBuildFile; fileRef = 55CACC5829AC39F2000027FC /* JuCManager.swift */; };
		55CACC5B29AC3A4F000027FC /* ChatView.swift in Sources */ = {isa = PBXBuildFile; fileRef = 55CACC5A29AC3A4F000027FC /* ChatView.swift */; };
		55D760B729EA95FA00B8BA77 /* KeyboardState.swift in Sources */ = {isa = PBXBuildFile; fileRef = 55D760B629EA95FA00B8BA77 /* KeyboardState.swift */; };
/* End PBXBuildFile section */

/* Begin PBXFileReference section */
		5529A6FC29DA50EE00E9044D /* APIClient.swift */ = {isa = PBXFileReference; lastKnownFileType = sourcecode.swift; path = APIClient.swift; sourceTree = "<group>"; };
		5529A6FE29DA511700E9044D /* NetworkDispatcher.swift */ = {isa = PBXFileReference; lastKnownFileType = sourcecode.swift; path = NetworkDispatcher.swift; sourceTree = "<group>"; };
		5529A70029DA513800E9044D /* NetworkRequestError.swift */ = {isa = PBXFileReference; lastKnownFileType = sourcecode.swift; path = NetworkRequestError.swift; sourceTree = "<group>"; };
		5529A70229DA515100E9044D /* Request.swift */ = {isa = PBXFileReference; lastKnownFileType = sourcecode.swift; path = Request.swift; sourceTree = "<group>"; };
		5529A70429DA516B00E9044D /* RequestPublisher.swift */ = {isa = PBXFileReference; lastKnownFileType = sourcecode.swift; path = RequestPublisher.swift; sourceTree = "<group>"; };
		5529A70629DA518500E9044D /* NetworkingLogger.swift */ = {isa = PBXFileReference; lastKnownFileType = sourcecode.swift; path = NetworkingLogger.swift; sourceTree = "<group>"; };
		5529A70829DA51F800E9044D /* JSONManager.swift */ = {isa = PBXFileReference; lastKnownFileType = sourcecode.swift; path = JSONManager.swift; sourceTree = "<group>"; };
		5529A70A29DA527600E9044D /* URLRequest+extension.swift */ = {isa = PBXFileReference; fileEncoding = 4; lastKnownFileType = sourcecode.swift; path = "URLRequest+extension.swift"; sourceTree = "<group>"; };
		5529A70C29DA52CB00E9044D /* Dictionary+extension.swift */ = {isa = PBXFileReference; fileEncoding = 4; lastKnownFileType = sourcecode.swift; path = "Dictionary+extension.swift"; sourceTree = "<group>"; };
		5529A70E29DA531800E9044D /* Secrets.plist */ = {isa = PBXFileReference; fileEncoding = 4; lastKnownFileType = text.plist.xml; path = Secrets.plist; sourceTree = "<group>"; };
		5529A71029DA538700E9044D /* Env.swift */ = {isa = PBXFileReference; fileEncoding = 4; lastKnownFileType = sourcecode.swift; path = Env.swift; sourceTree = "<group>"; };
		5529A71329DA5B2E00E9044D /* ChatRequest.swift */ = {isa = PBXFileReference; lastKnownFileType = sourcecode.swift; path = ChatRequest.swift; sourceTree = "<group>"; };
		5529A71529DA5B6600E9044D /* Message.swift */ = {isa = PBXFileReference; lastKnownFileType = sourcecode.swift; path = Message.swift; sourceTree = "<group>"; };
		5529A71729DA5BF300E9044D /* Conversation.swift */ = {isa = PBXFileReference; lastKnownFileType = sourcecode.swift; path = Conversation.swift; sourceTree = "<group>"; };
		558D329729C29F7F00075D41 /* view+Extention.swift */ = {isa = PBXFileReference; lastKnownFileType = sourcecode.swift; path = "view+Extention.swift"; sourceTree = "<group>"; };
		558D32A129C2F4DC00075D41 /* AuthManager.swift */ = {isa = PBXFileReference; lastKnownFileType = sourcecode.swift; path = AuthManager.swift; sourceTree = "<group>"; };
		558D32A329C2F56400075D41 /* string+Extention.swift */ = {isa = PBXFileReference; lastKnownFileType = sourcecode.swift; path = "string+Extention.swift"; sourceTree = "<group>"; };
		558D32A529C2FA7400075D41 /* GoogleService-Info.plist */ = {isa = PBXFileReference; fileEncoding = 4; lastKnownFileType = text.plist.xml; path = "GoogleService-Info.plist"; sourceTree = "<group>"; };
		558D32A829C3E53A00075D41 /* AuthView.swift */ = {isa = PBXFileReference; lastKnownFileType = sourcecode.swift; path = AuthView.swift; sourceTree = "<group>"; };
		558D32AA29C3F76100075D41 /* CircularBottomSheet.swift */ = {isa = PBXFileReference; lastKnownFileType = sourcecode.swift; path = CircularBottomSheet.swift; sourceTree = "<group>"; };
		558D32AF29C667CF00075D41 /* RoundedCornerButtonStyle.swift */ = {isa = PBXFileReference; lastKnownFileType = sourcecode.swift; path = RoundedCornerButtonStyle.swift; sourceTree = "<group>"; };
		558D32B129C66FDE00075D41 /* RepeatableVideoView.swift */ = {isa = PBXFileReference; lastKnownFileType = sourcecode.swift; path = RepeatableVideoView.swift; sourceTree = "<group>"; };
		558D32B729C675B700075D41 /* BottomSheetWithDismissView.swift */ = {isa = PBXFileReference; lastKnownFileType = sourcecode.swift; path = BottomSheetWithDismissView.swift; sourceTree = "<group>"; };
		558D32BA29C685B800075D41 /* EmailSignUpView.swift */ = {isa = PBXFileReference; lastKnownFileType = sourcecode.swift; path = EmailSignUpView.swift; sourceTree = "<group>"; };
		558D32BC29C6886300075D41 /* SignInView.swift */ = {isa = PBXFileReference; lastKnownFileType = sourcecode.swift; path = SignInView.swift; sourceTree = "<group>"; };
		558D32BE29C688A700075D41 /* LogInView.swift */ = {isa = PBXFileReference; lastKnownFileType = sourcecode.swift; path = LogInView.swift; sourceTree = "<group>"; };
		558D32C329C69E4500075D41 /* SceneDelegate.swift */ = {isa = PBXFileReference; lastKnownFileType = sourcecode.swift; path = SceneDelegate.swift; sourceTree = "<group>"; };
		558D32CD29C79D0200075D41 /* robot-arm-bionic-prosthesis-connection-communication-SBV-332135206-HD.mov */ = {isa = PBXFileReference; lastKnownFileType = video.quicktime; path = "robot-arm-bionic-prosthesis-connection-communication-SBV-332135206-HD.mov"; sourceTree = "<group>"; };
		558D32CF29C7A3D600075D41 /* MainView.swift */ = {isa = PBXFileReference; lastKnownFileType = sourcecode.swift; path = MainView.swift; sourceTree = "<group>"; };
		558D32D129C7A5A600075D41 /* UserLabel.swift */ = {isa = PBXFileReference; lastKnownFileType = sourcecode.swift; path = UserLabel.swift; sourceTree = "<group>"; };
		558D32D329C7AE3E00075D41 /* AccountView.swift */ = {isa = PBXFileReference; lastKnownFileType = sourcecode.swift; path = AccountView.swift; sourceTree = "<group>"; };
		558E127729CFD541004CCF71 /* QuestionsView.swift */ = {isa = PBXFileReference; lastKnownFileType = sourcecode.swift; path = QuestionsView.swift; sourceTree = "<group>"; };
		558E127A29CFD5C8004CCF71 /* QuestionView.swift */ = {isa = PBXFileReference; lastKnownFileType = sourcecode.swift; path = QuestionView.swift; sourceTree = "<group>"; };
		558E127D29CFF0D8004CCF71 /* question.swift */ = {isa = PBXFileReference; lastKnownFileType = sourcecode.swift; path = question.swift; sourceTree = "<group>"; };
		558E127F29D0B1CE004CCF71 /* QuestionsViewModel.swift */ = {isa = PBXFileReference; lastKnownFileType = sourcecode.swift; path = QuestionsViewModel.swift; sourceTree = "<group>"; };
		559506B529D0C2BD002D6E49 /* QuestionLabel.swift */ = {isa = PBXFileReference; lastKnownFileType = sourcecode.swift; path = QuestionLabel.swift; sourceTree = "<group>"; };
		55BD9CBE29BEA43200B065C3 /* ChatBubble.swift */ = {isa = PBXFileReference; lastKnownFileType = sourcecode.swift; path = ChatBubble.swift; sourceTree = "<group>"; };
		55BD9CC129BEA65500B065C3 /* ChatBubleShape.swift */ = {isa = PBXFileReference; lastKnownFileType = sourcecode.swift; path = ChatBubleShape.swift; sourceTree = "<group>"; };
		55BD9CC329BEA6D000B065C3 /* UserChatBubble.swift */ = {isa = PBXFileReference; lastKnownFileType = sourcecode.swift; path = UserChatBubble.swift; sourceTree = "<group>"; };
		55BD9CC529BEA81900B065C3 /* JuCChatBubble.swift */ = {isa = PBXFileReference; lastKnownFileType = sourcecode.swift; path = JuCChatBubble.swift; sourceTree = "<group>"; };
		55BD9CC929C02A5900B065C3 /* TextEntryView.swift */ = {isa = PBXFileReference; lastKnownFileType = sourcecode.swift; path = TextEntryView.swift; sourceTree = "<group>"; };
		55BD9CCB29C0385000B065C3 /* BottomSheet.swift */ = {isa = PBXFileReference; lastKnownFileType = sourcecode.swift; path = BottomSheet.swift; sourceTree = "<group>"; };
		55CACC3629AAAAE8000027FC /* JuC.app */ = {isa = PBXFileReference; explicitFileType = wrapper.application; includeInIndex = 0; path = JuC.app; sourceTree = BUILT_PRODUCTS_DIR; };
		55CACC3929AAAAE8000027FC /* JuCApp.swift */ = {isa = PBXFileReference; lastKnownFileType = sourcecode.swift; path = JuCApp.swift; sourceTree = "<group>"; };
		55CACC3B29AAAAE8000027FC /* ContentView.swift */ = {isa = PBXFileReference; lastKnownFileType = sourcecode.swift; path = ContentView.swift; sourceTree = "<group>"; };
		55CACC3D29AAAAE9000027FC /* Assets.xcassets */ = {isa = PBXFileReference; lastKnownFileType = folder.assetcatalog; path = Assets.xcassets; sourceTree = "<group>"; };
		55CACC3F29AAAAE9000027FC /* JuC.entitlements */ = {isa = PBXFileReference; lastKnownFileType = text.plist.entitlements; path = JuC.entitlements; sourceTree = "<group>"; };
		55CACC4129AAAAE9000027FC /* Preview Assets.xcassets */ = {isa = PBXFileReference; lastKnownFileType = folder.assetcatalog; path = "Preview Assets.xcassets"; sourceTree = "<group>"; };
		55CACC5829AC39F2000027FC /* JuCManager.swift */ = {isa = PBXFileReference; lastKnownFileType = sourcecode.swift; path = JuCManager.swift; sourceTree = "<group>"; };
		55CACC5A29AC3A4F000027FC /* ChatView.swift */ = {isa = PBXFileReference; lastKnownFileType = sourcecode.swift; path = ChatView.swift; sourceTree = "<group>"; };
		55D760B629EA95FA00B8BA77 /* KeyboardState.swift */ = {isa = PBXFileReference; lastKnownFileType = sourcecode.swift; path = KeyboardState.swift; sourceTree = "<group>"; };
/* End PBXFileReference section */

/* Begin PBXFrameworksBuildPhase section */
		55CACC3329AAAAE8000027FC /* Frameworks */ = {
			isa = PBXFrameworksBuildPhase;
			buildActionMask = 2147483647;
			files = (
				55CACC5729AC3849000027FC /* AsyncHTTPClient in Frameworks */,
				558E127629CA8CEB004CCF71 /* OpenAIKit in Frameworks */,
				558D32C229C699FB00075D41 /* KeyboardObserving in Frameworks */,
				558D32A029C2F0D200075D41 /* FirebaseAuth in Frameworks */,
			);
			runOnlyForDeploymentPostprocessing = 0;
		};
/* End PBXFrameworksBuildPhase section */

/* Begin PBXGroup section */
		5529A6FB29DA50B200E9044D /* Networking */ = {
			isa = PBXGroup;
			children = (
				5529A6FC29DA50EE00E9044D /* APIClient.swift */,
				5529A6FE29DA511700E9044D /* NetworkDispatcher.swift */,
				5529A70029DA513800E9044D /* NetworkRequestError.swift */,
				5529A70229DA515100E9044D /* Request.swift */,
				5529A70429DA516B00E9044D /* RequestPublisher.swift */,
				5529A70629DA518500E9044D /* NetworkingLogger.swift */,
				5529A70829DA51F800E9044D /* JSONManager.swift */,
			);
			path = Networking;
			sourceTree = "<group>";
		};
		558D329629C29F6900075D41 /* Extentions */ = {
			isa = PBXGroup;
			children = (
				5529A70C29DA52CB00E9044D /* Dictionary+extension.swift */,
				5529A70A29DA527600E9044D /* URLRequest+extension.swift */,
				558D329729C29F7F00075D41 /* view+Extention.swift */,
				558D32A329C2F56400075D41 /* string+Extention.swift */,
			);
			path = Extentions;
			sourceTree = "<group>";
		};
		558D329D29C2EE3700075D41 /* ChatViews */ = {
			isa = PBXGroup;
			children = (
				55BD9CC929C02A5900B065C3 /* TextEntryView.swift */,
				55CACC5A29AC3A4F000027FC /* ChatView.swift */,
				55BD9CC029BEA63D00B065C3 /* ChatBuble */,
			);
			path = ChatViews;
			sourceTree = "<group>";
		};
		558D32AE29C667A500075D41 /* Styles */ = {
			isa = PBXGroup;
			children = (
				558D32AF29C667CF00075D41 /* RoundedCornerButtonStyle.swift */,
			);
			path = Styles;
			sourceTree = "<group>";
		};
		558D32B929C6859100075D41 /* Auth */ = {
			isa = PBXGroup;
			children = (
				558D32A829C3E53A00075D41 /* AuthView.swift */,
				558D32BA29C685B800075D41 /* EmailSignUpView.swift */,
				558D32BC29C6886300075D41 /* SignInView.swift */,
				558D32BE29C688A700075D41 /* LogInView.swift */,
			);
			path = Auth;
			sourceTree = "<group>";
		};
		558E127929CFD5AA004CCF71 /* Questions */ = {
			isa = PBXGroup;
			children = (
				558E127729CFD541004CCF71 /* QuestionsView.swift */,
				558E127A29CFD5C8004CCF71 /* QuestionView.swift */,
				559506B529D0C2BD002D6E49 /* QuestionLabel.swift */,
			);
			path = Questions;
			sourceTree = "<group>";
		};
		558E127C29CFF0C4004CCF71 /* Model */ = {
			isa = PBXGroup;
			children = (
				558E127D29CFF0D8004CCF71 /* question.swift */,
				5529A71329DA5B2E00E9044D /* ChatRequest.swift */,
				5529A71529DA5B6600E9044D /* Message.swift */,
				5529A71729DA5BF300E9044D /* Conversation.swift */,
			);
			path = Model;
			sourceTree = "<group>";
		};
		559506B829D0D0F9002D6E49 /* Sheets */ = {
			isa = PBXGroup;
			children = (
				558D32AA29C3F76100075D41 /* CircularBottomSheet.swift */,
				558D32B129C66FDE00075D41 /* RepeatableVideoView.swift */,
				55BD9CCB29C0385000B065C3 /* BottomSheet.swift */,
				558D32B729C675B700075D41 /* BottomSheetWithDismissView.swift */,
			);
			path = Sheets;
			sourceTree = "<group>";
		};
		559506B929D0D11C002D6E49 /* Settings */ = {
			isa = PBXGroup;
			children = (
				558D32D129C7A5A600075D41 /* UserLabel.swift */,
				558D32D329C7AE3E00075D41 /* AccountView.swift */,
			);
			path = Settings;
			sourceTree = "<group>";
		};
		559506BA29D0D132002D6E49 /* MainAppViews */ = {
			isa = PBXGroup;
			children = (
				55CACC3B29AAAAE8000027FC /* ContentView.swift */,
				558D32CF29C7A3D600075D41 /* MainView.swift */,
			);
			path = MainAppViews;
			sourceTree = "<group>";
		};
		55BD9CBA29BEA12400B065C3 /* Views */ = {
			isa = PBXGroup;
			children = (
				559506BA29D0D132002D6E49 /* MainAppViews */,
				559506B829D0D0F9002D6E49 /* Sheets */,
				558E127929CFD5AA004CCF71 /* Questions */,
				558D32B929C6859100075D41 /* Auth */,
				558D32AE29C667A500075D41 /* Styles */,
				558D329D29C2EE3700075D41 /* ChatViews */,
				559506B929D0D11C002D6E49 /* Settings */,
			);
			path = Views;
			sourceTree = "<group>";
		};
		55BD9CBB29BEA12E00B065C3 /* ViewModels */ = {
			isa = PBXGroup;
			children = (
				558E127F29D0B1CE004CCF71 /* QuestionsViewModel.swift */,
			);
			path = ViewModels;
			sourceTree = "<group>";
		};
		55BD9CC029BEA63D00B065C3 /* ChatBuble */ = {
			isa = PBXGroup;
			children = (
				55BD9CBE29BEA43200B065C3 /* ChatBubble.swift */,
				55BD9CC129BEA65500B065C3 /* ChatBubleShape.swift */,
				55BD9CC329BEA6D000B065C3 /* UserChatBubble.swift */,
				55BD9CC529BEA81900B065C3 /* JuCChatBubble.swift */,
			);
			path = ChatBuble;
			sourceTree = "<group>";
		};
		55CACC2D29AAAAE8000027FC = {
			isa = PBXGroup;
			children = (
				55CACC3829AAAAE8000027FC /* JuC */,
				55CACC3729AAAAE8000027FC /* Products */,
			);
			sourceTree = "<group>";
		};
		55CACC3729AAAAE8000027FC /* Products */ = {
			isa = PBXGroup;
			children = (
				55CACC3629AAAAE8000027FC /* JuC.app */,
			);
			name = Products;
			sourceTree = "<group>";
		};
		55CACC3829AAAAE8000027FC /* JuC */ = {
			isa = PBXGroup;
			children = (
				55CACC3F29AAAAE9000027FC /* JuC.entitlements */,
				558D32CD29C79D0200075D41 /* robot-arm-bionic-prosthesis-connection-communication-SBV-332135206-HD.mov */,
				55CACC3D29AAAAE9000027FC /* Assets.xcassets */,
				5529A70E29DA531800E9044D /* Secrets.plist */,
				558D32A529C2FA7400075D41 /* GoogleService-Info.plist */,
				5529A71029DA538700E9044D /* Env.swift */,
				558D32C329C69E4500075D41 /* SceneDelegate.swift */,
				55CACC3929AAAAE8000027FC /* JuCApp.swift */,
				5529A6FB29DA50B200E9044D /* Networking */,
				558E127C29CFF0C4004CCF71 /* Model */,
				558D329629C29F6900075D41 /* Extentions */,
				55BD9CBB29BEA12E00B065C3 /* ViewModels */,
				55BD9CBA29BEA12400B065C3 /* Views */,
				55CACC5229ABF49D000027FC /* Managers */,
				55CACC4029AAAAE9000027FC /* Preview Content */,
			);
			path = JuC;
			sourceTree = "<group>";
		};
		55CACC4029AAAAE9000027FC /* Preview Content */ = {
			isa = PBXGroup;
			children = (
				55CACC4129AAAAE9000027FC /* Preview Assets.xcassets */,
			);
			path = "Preview Content";
			sourceTree = "<group>";
		};
		55CACC5229ABF49D000027FC /* Managers */ = {
			isa = PBXGroup;
			children = (
				55CACC5829AC39F2000027FC /* JuCManager.swift */,
				558D32A129C2F4DC00075D41 /* AuthManager.swift */,
				55D760B629EA95FA00B8BA77 /* KeyboardState.swift */,
			);
			path = Managers;
			sourceTree = "<group>";
		};
/* End PBXGroup section */

/* Begin PBXNativeTarget section */
		55CACC3529AAAAE8000027FC /* JuC */ = {
			isa = PBXNativeTarget;
			buildConfigurationList = 55CACC4529AAAAE9000027FC /* Build configuration list for PBXNativeTarget "JuC" */;
			buildPhases = (
				55CACC3229AAAAE8000027FC /* Sources */,
				55CACC3329AAAAE8000027FC /* Frameworks */,
				55CACC3429AAAAE8000027FC /* Resources */,
			);
			buildRules = (
			);
			dependencies = (
			);
			name = JuC;
			packageProductDependencies = (
				55CACC5629AC3849000027FC /* AsyncHTTPClient */,
				558D329F29C2F0D200075D41 /* FirebaseAuth */,
				558D32C129C699FB00075D41 /* KeyboardObserving */,
				558E127529CA8CEB004CCF71 /* OpenAIKit */,
			);
			productName = JuC;
			productReference = 55CACC3629AAAAE8000027FC /* JuC.app */;
			productType = "com.apple.product-type.application";
		};
/* End PBXNativeTarget section */

/* Begin PBXProject section */
		55CACC2E29AAAAE8000027FC /* Project object */ = {
			isa = PBXProject;
			attributes = {
				BuildIndependentTargetsInParallel = 1;
				LastSwiftUpdateCheck = 1420;
				LastUpgradeCheck = 1420;
				TargetAttributes = {
					55CACC3529AAAAE8000027FC = {
						CreatedOnToolsVersion = 14.2;
					};
				};
			};
			buildConfigurationList = 55CACC3129AAAAE8000027FC /* Build configuration list for PBXProject "JuC" */;
			compatibilityVersion = "Xcode 14.0";
			developmentRegion = en;
			hasScannedForEncodings = 0;
			knownRegions = (
				en,
				Base,
			);
			mainGroup = 55CACC2D29AAAAE8000027FC;
			packageReferences = (
				55CACC5529AC3849000027FC /* XCRemoteSwiftPackageReference "async-http-client" */,
				558D329E29C2F0D200075D41 /* XCRemoteSwiftPackageReference "firebase-ios-sdk" */,
				558D32C029C699FB00075D41 /* XCRemoteSwiftPackageReference "KeyboardObserving" */,
				558E127429CA8CEB004CCF71 /* XCRemoteSwiftPackageReference "openai-kit" */,
			);
			productRefGroup = 55CACC3729AAAAE8000027FC /* Products */;
			projectDirPath = "";
			projectRoot = "";
			targets = (
				55CACC3529AAAAE8000027FC /* JuC */,
			);
		};
/* End PBXProject section */

/* Begin PBXResourcesBuildPhase section */
		55CACC3429AAAAE8000027FC /* Resources */ = {
			isa = PBXResourcesBuildPhase;
			buildActionMask = 2147483647;
			files = (
				55CACC4229AAAAE9000027FC /* Preview Assets.xcassets in Resources */,
				5529A70F29DA531800E9044D /* Secrets.plist in Resources */,
				558D32CE29C79D0200075D41 /* robot-arm-bionic-prosthesis-connection-communication-SBV-332135206-HD.mov in Resources */,
				55CACC3E29AAAAE9000027FC /* Assets.xcassets in Resources */,
				558D32A629C2FA7400075D41 /* GoogleService-Info.plist in Resources */,
			);
			runOnlyForDeploymentPostprocessing = 0;
		};
/* End PBXResourcesBuildPhase section */

/* Begin PBXSourcesBuildPhase section */
		55CACC3229AAAAE8000027FC /* Sources */ = {
			isa = PBXSourcesBuildPhase;
			buildActionMask = 2147483647;
			files = (
				55CACC3C29AAAAE8000027FC /* ContentView.swift in Sources */,
				5529A70129DA513800E9044D /* NetworkRequestError.swift in Sources */,
				558D32D029C7A3D600075D41 /* MainView.swift in Sources */,
				5529A70D29DA52CB00E9044D /* Dictionary+extension.swift in Sources */,
				55BD9CC229BEA65500B065C3 /* ChatBubleShape.swift in Sources */,
				5529A70729DA518500E9044D /* NetworkingLogger.swift in Sources */,
				5529A6FF29DA511700E9044D /* NetworkDispatcher.swift in Sources */,
				5529A6FD29DA50EE00E9044D /* APIClient.swift in Sources */,
				558D32D229C7A5A600075D41 /* UserLabel.swift in Sources */,
				55BD9CCC29C0385000B065C3 /* BottomSheet.swift in Sources */,
				5529A71629DA5B6600E9044D /* Message.swift in Sources */,
				558E127E29CFF0D8004CCF71 /* question.swift in Sources */,
				558D32B829C675B700075D41 /* BottomSheetWithDismissView.swift in Sources */,
				558D32A229C2F4DC00075D41 /* AuthManager.swift in Sources */,
				558D329829C29F7F00075D41 /* view+Extention.swift in Sources */,
				5529A70B29DA527600E9044D /* URLRequest+extension.swift in Sources */,
				55D760B729EA95FA00B8BA77 /* KeyboardState.swift in Sources */,
				5529A71829DA5BF300E9044D /* Conversation.swift in Sources */,
				558D32C429C69E4500075D41 /* SceneDelegate.swift in Sources */,
				55BD9CC429BEA6D000B065C3 /* UserChatBubble.swift in Sources */,
				55BD9CBF29BEA43200B065C3 /* ChatBubble.swift in Sources */,
				559506B629D0C2BD002D6E49 /* QuestionLabel.swift in Sources */,
				558D32BF29C688A700075D41 /* LogInView.swift in Sources */,
				558D32AB29C3F76100075D41 /* CircularBottomSheet.swift in Sources */,
				558D32B029C667CF00075D41 /* RoundedCornerButtonStyle.swift in Sources */,
				55CACC3A29AAAAE8000027FC /* JuCApp.swift in Sources */,
				5529A70929DA51F800E9044D /* JSONManager.swift in Sources */,
				55BD9CC629BEA81900B065C3 /* JuCChatBubble.swift in Sources */,
				558D32B229C66FDE00075D41 /* RepeatableVideoView.swift in Sources */,
				558D32BB29C685B800075D41 /* EmailSignUpView.swift in Sources */,
				5529A71129DA538700E9044D /* Env.swift in Sources */,
				55CACC5B29AC3A4F000027FC /* ChatView.swift in Sources */,
				5529A71429DA5B2E00E9044D /* ChatRequest.swift in Sources */,
				558D32BD29C6886300075D41 /* SignInView.swift in Sources */,
				55CACC5929AC39F2000027FC /* JuCManager.swift in Sources */,
				558D32A929C3E53A00075D41 /* AuthView.swift in Sources */,
				558D32A429C2F56400075D41 /* string+Extention.swift in Sources */,
				5529A70529DA516B00E9044D /* RequestPublisher.swift in Sources */,
				55BD9CCA29C02A5900B065C3 /* TextEntryView.swift in Sources */,
				558E127B29CFD5C8004CCF71 /* QuestionView.swift in Sources */,
				558E128029D0B1CE004CCF71 /* QuestionsViewModel.swift in Sources */,
				558D32D429C7AE3E00075D41 /* AccountView.swift in Sources */,
				5529A70329DA515100E9044D /* Request.swift in Sources */,
				558E127829CFD541004CCF71 /* QuestionsView.swift in Sources */,
			);
			runOnlyForDeploymentPostprocessing = 0;
		};
/* End PBXSourcesBuildPhase section */

/* Begin XCBuildConfiguration section */
		55CACC4329AAAAE9000027FC /* Debug */ = {
			isa = XCBuildConfiguration;
			buildSettings = {
				ALWAYS_SEARCH_USER_PATHS = NO;
				CLANG_ANALYZER_NONNULL = YES;
				CLANG_ANALYZER_NUMBER_OBJECT_CONVERSION = YES_AGGRESSIVE;
				CLANG_CXX_LANGUAGE_STANDARD = "gnu++20";
				CLANG_ENABLE_MODULES = YES;
				CLANG_ENABLE_OBJC_ARC = YES;
				CLANG_ENABLE_OBJC_WEAK = YES;
				CLANG_WARN_BLOCK_CAPTURE_AUTORELEASING = YES;
				CLANG_WARN_BOOL_CONVERSION = YES;
				CLANG_WARN_COMMA = YES;
				CLANG_WARN_CONSTANT_CONVERSION = YES;
				CLANG_WARN_DEPRECATED_OBJC_IMPLEMENTATIONS = YES;
				CLANG_WARN_DIRECT_OBJC_ISA_USAGE = YES_ERROR;
				CLANG_WARN_DOCUMENTATION_COMMENTS = YES;
				CLANG_WARN_EMPTY_BODY = YES;
				CLANG_WARN_ENUM_CONVERSION = YES;
				CLANG_WARN_INFINITE_RECURSION = YES;
				CLANG_WARN_INT_CONVERSION = YES;
				CLANG_WARN_NON_LITERAL_NULL_CONVERSION = YES;
				CLANG_WARN_OBJC_IMPLICIT_RETAIN_SELF = YES;
				CLANG_WARN_OBJC_LITERAL_CONVERSION = YES;
				CLANG_WARN_OBJC_ROOT_CLASS = YES_ERROR;
				CLANG_WARN_QUOTED_INCLUDE_IN_FRAMEWORK_HEADER = YES;
				CLANG_WARN_RANGE_LOOP_ANALYSIS = YES;
				CLANG_WARN_STRICT_PROTOTYPES = YES;
				CLANG_WARN_SUSPICIOUS_MOVE = YES;
				CLANG_WARN_UNGUARDED_AVAILABILITY = YES_AGGRESSIVE;
				CLANG_WARN_UNREACHABLE_CODE = YES;
				CLANG_WARN__DUPLICATE_METHOD_MATCH = YES;
				COPY_PHASE_STRIP = NO;
				DEBUG_INFORMATION_FORMAT = dwarf;
				ENABLE_STRICT_OBJC_MSGSEND = YES;
				ENABLE_TESTABILITY = YES;
				GCC_C_LANGUAGE_STANDARD = gnu11;
				GCC_DYNAMIC_NO_PIC = NO;
				GCC_NO_COMMON_BLOCKS = YES;
				GCC_OPTIMIZATION_LEVEL = 0;
				GCC_PREPROCESSOR_DEFINITIONS = (
					"DEBUG=1",
					"$(inherited)",
				);
				GCC_WARN_64_TO_32_BIT_CONVERSION = YES;
				GCC_WARN_ABOUT_RETURN_TYPE = YES_ERROR;
				GCC_WARN_UNDECLARED_SELECTOR = YES;
				GCC_WARN_UNINITIALIZED_AUTOS = YES_AGGRESSIVE;
				GCC_WARN_UNUSED_FUNCTION = YES;
				GCC_WARN_UNUSED_VARIABLE = YES;
				MTL_ENABLE_DEBUG_INFO = INCLUDE_SOURCE;
				MTL_FAST_MATH = YES;
				ONLY_ACTIVE_ARCH = YES;
				SWIFT_ACTIVE_COMPILATION_CONDITIONS = DEBUG;
				SWIFT_OPTIMIZATION_LEVEL = "-Onone";
			};
			name = Debug;
		};
		55CACC4429AAAAE9000027FC /* Release */ = {
			isa = XCBuildConfiguration;
			buildSettings = {
				ALWAYS_SEARCH_USER_PATHS = NO;
				CLANG_ANALYZER_NONNULL = YES;
				CLANG_ANALYZER_NUMBER_OBJECT_CONVERSION = YES_AGGRESSIVE;
				CLANG_CXX_LANGUAGE_STANDARD = "gnu++20";
				CLANG_ENABLE_MODULES = YES;
				CLANG_ENABLE_OBJC_ARC = YES;
				CLANG_ENABLE_OBJC_WEAK = YES;
				CLANG_WARN_BLOCK_CAPTURE_AUTORELEASING = YES;
				CLANG_WARN_BOOL_CONVERSION = YES;
				CLANG_WARN_COMMA = YES;
				CLANG_WARN_CONSTANT_CONVERSION = YES;
				CLANG_WARN_DEPRECATED_OBJC_IMPLEMENTATIONS = YES;
				CLANG_WARN_DIRECT_OBJC_ISA_USAGE = YES_ERROR;
				CLANG_WARN_DOCUMENTATION_COMMENTS = YES;
				CLANG_WARN_EMPTY_BODY = YES;
				CLANG_WARN_ENUM_CONVERSION = YES;
				CLANG_WARN_INFINITE_RECURSION = YES;
				CLANG_WARN_INT_CONVERSION = YES;
				CLANG_WARN_NON_LITERAL_NULL_CONVERSION = YES;
				CLANG_WARN_OBJC_IMPLICIT_RETAIN_SELF = YES;
				CLANG_WARN_OBJC_LITERAL_CONVERSION = YES;
				CLANG_WARN_OBJC_ROOT_CLASS = YES_ERROR;
				CLANG_WARN_QUOTED_INCLUDE_IN_FRAMEWORK_HEADER = YES;
				CLANG_WARN_RANGE_LOOP_ANALYSIS = YES;
				CLANG_WARN_STRICT_PROTOTYPES = YES;
				CLANG_WARN_SUSPICIOUS_MOVE = YES;
				CLANG_WARN_UNGUARDED_AVAILABILITY = YES_AGGRESSIVE;
				CLANG_WARN_UNREACHABLE_CODE = YES;
				CLANG_WARN__DUPLICATE_METHOD_MATCH = YES;
				COPY_PHASE_STRIP = NO;
				DEBUG_INFORMATION_FORMAT = "dwarf-with-dsym";
				ENABLE_NS_ASSERTIONS = NO;
				ENABLE_STRICT_OBJC_MSGSEND = YES;
				GCC_C_LANGUAGE_STANDARD = gnu11;
				GCC_NO_COMMON_BLOCKS = YES;
				GCC_WARN_64_TO_32_BIT_CONVERSION = YES;
				GCC_WARN_ABOUT_RETURN_TYPE = YES_ERROR;
				GCC_WARN_UNDECLARED_SELECTOR = YES;
				GCC_WARN_UNINITIALIZED_AUTOS = YES_AGGRESSIVE;
				GCC_WARN_UNUSED_FUNCTION = YES;
				GCC_WARN_UNUSED_VARIABLE = YES;
				MTL_ENABLE_DEBUG_INFO = NO;
				MTL_FAST_MATH = YES;
				SWIFT_COMPILATION_MODE = wholemodule;
				SWIFT_OPTIMIZATION_LEVEL = "-O";
			};
			name = Release;
		};
		55CACC4629AAAAE9000027FC /* Debug */ = {
			isa = XCBuildConfiguration;
			buildSettings = {
				ASSETCATALOG_COMPILER_APPICON_NAME = AppIcon;
				ASSETCATALOG_COMPILER_GLOBAL_ACCENT_COLOR_NAME = AccentColor;
				CODE_SIGN_ENTITLEMENTS = JuC/JuC.entitlements;
				CODE_SIGN_STYLE = Automatic;
				CURRENT_PROJECT_VERSION = 1;
				DEVELOPMENT_ASSET_PATHS = "\"JuC/Preview Content\"";
				DEVELOPMENT_TEAM = 5V5PZUN2HG;
				ENABLE_HARDENED_RUNTIME = YES;
				ENABLE_PREVIEWS = YES;
				GENERATE_INFOPLIST_FILE = YES;
				INFOPLIST_KEY_CFBundleDisplayName = JuC;
				INFOPLIST_KEY_LSApplicationCategoryType = "public.app-category.business";
				"INFOPLIST_KEY_UIApplicationSceneManifest_Generation[sdk=iphoneos*]" = YES;
				"INFOPLIST_KEY_UIApplicationSceneManifest_Generation[sdk=iphonesimulator*]" = YES;
				"INFOPLIST_KEY_UIApplicationSupportsIndirectInputEvents[sdk=iphoneos*]" = YES;
				"INFOPLIST_KEY_UIApplicationSupportsIndirectInputEvents[sdk=iphonesimulator*]" = YES;
				"INFOPLIST_KEY_UILaunchScreen_Generation[sdk=iphoneos*]" = YES;
				"INFOPLIST_KEY_UILaunchScreen_Generation[sdk=iphonesimulator*]" = YES;
				"INFOPLIST_KEY_UIStatusBarStyle[sdk=iphoneos*]" = UIStatusBarStyleDefault;
				"INFOPLIST_KEY_UIStatusBarStyle[sdk=iphonesimulator*]" = UIStatusBarStyleDefault;
				INFOPLIST_KEY_UISupportedInterfaceOrientations_iPad = "UIInterfaceOrientationPortrait UIInterfaceOrientationPortraitUpsideDown UIInterfaceOrientationLandscapeLeft UIInterfaceOrientationLandscapeRight";
				INFOPLIST_KEY_UISupportedInterfaceOrientations_iPhone = "UIInterfaceOrientationPortrait UIInterfaceOrientationLandscapeLeft UIInterfaceOrientationLandscapeRight";
				IPHONEOS_DEPLOYMENT_TARGET = 16.0;
				LD_RUNPATH_SEARCH_PATHS = "@executable_path/Frameworks";
				"LD_RUNPATH_SEARCH_PATHS[sdk=macosx*]" = "@executable_path/../Frameworks";
				MACOSX_DEPLOYMENT_TARGET = 13.1;
				MARKETING_VERSION = 1.0;
				PRODUCT_BUNDLE_IDENTIFIER = com.justbearded.JuC;
				PRODUCT_NAME = "$(TARGET_NAME)";
				SDKROOT = auto;
				SUPPORTED_PLATFORMS = "iphoneos iphonesimulator";
				SUPPORTS_MACCATALYST = NO;
				SUPPORTS_MAC_DESIGNED_FOR_IPHONE_IPAD = NO;
				SWIFT_EMIT_LOC_STRINGS = YES;
				SWIFT_VERSION = 5.0;
				TARGETED_DEVICE_FAMILY = 1;
			};
			name = Debug;
		};
		55CACC4729AAAAE9000027FC /* Release */ = {
			isa = XCBuildConfiguration;
			buildSettings = {
				ASSETCATALOG_COMPILER_APPICON_NAME = AppIcon;
				ASSETCATALOG_COMPILER_GLOBAL_ACCENT_COLOR_NAME = AccentColor;
				CODE_SIGN_ENTITLEMENTS = JuC/JuC.entitlements;
				CODE_SIGN_STYLE = Automatic;
				CURRENT_PROJECT_VERSION = 1;
				DEVELOPMENT_ASSET_PATHS = "\"JuC/Preview Content\"";
				DEVELOPMENT_TEAM = 5V5PZUN2HG;
				ENABLE_HARDENED_RUNTIME = YES;
				ENABLE_PREVIEWS = YES;
				GENERATE_INFOPLIST_FILE = YES;
				INFOPLIST_KEY_CFBundleDisplayName = JuC;
				INFOPLIST_KEY_LSApplicationCategoryType = "public.app-category.business";
				"INFOPLIST_KEY_UIApplicationSceneManifest_Generation[sdk=iphoneos*]" = YES;
				"INFOPLIST_KEY_UIApplicationSceneManifest_Generation[sdk=iphonesimulator*]" = YES;
				"INFOPLIST_KEY_UIApplicationSupportsIndirectInputEvents[sdk=iphoneos*]" = YES;
				"INFOPLIST_KEY_UIApplicationSupportsIndirectInputEvents[sdk=iphonesimulator*]" = YES;
				"INFOPLIST_KEY_UILaunchScreen_Generation[sdk=iphoneos*]" = YES;
				"INFOPLIST_KEY_UILaunchScreen_Generation[sdk=iphonesimulator*]" = YES;
				"INFOPLIST_KEY_UIStatusBarStyle[sdk=iphoneos*]" = UIStatusBarStyleDefault;
				"INFOPLIST_KEY_UIStatusBarStyle[sdk=iphonesimulator*]" = UIStatusBarStyleDefault;
				INFOPLIST_KEY_UISupportedInterfaceOrientations_iPad = "UIInterfaceOrientationPortrait UIInterfaceOrientationPortraitUpsideDown UIInterfaceOrientationLandscapeLeft UIInterfaceOrientationLandscapeRight";
				INFOPLIST_KEY_UISupportedInterfaceOrientations_iPhone = "UIInterfaceOrientationPortrait UIInterfaceOrientationLandscapeLeft UIInterfaceOrientationLandscapeRight";
				IPHONEOS_DEPLOYMENT_TARGET = 16.0;
				LD_RUNPATH_SEARCH_PATHS = "@executable_path/Frameworks";
				"LD_RUNPATH_SEARCH_PATHS[sdk=macosx*]" = "@executable_path/../Frameworks";
				MACOSX_DEPLOYMENT_TARGET = 13.1;
				MARKETING_VERSION = 1.0;
				PRODUCT_BUNDLE_IDENTIFIER = com.justbearded.JuC;
				PRODUCT_NAME = "$(TARGET_NAME)";
				SDKROOT = auto;
				SUPPORTED_PLATFORMS = "iphoneos iphonesimulator";
				SUPPORTS_MACCATALYST = NO;
				SUPPORTS_MAC_DESIGNED_FOR_IPHONE_IPAD = NO;
				SWIFT_EMIT_LOC_STRINGS = YES;
				SWIFT_VERSION = 5.0;
				TARGETED_DEVICE_FAMILY = 1;
			};
			name = Release;
		};
/* End XCBuildConfiguration section */

/* Begin XCConfigurationList section */
		55CACC3129AAAAE8000027FC /* Build configuration list for PBXProject "JuC" */ = {
			isa = XCConfigurationList;
			buildConfigurations = (
				55CACC4329AAAAE9000027FC /* Debug */,
				55CACC4429AAAAE9000027FC /* Release */,
			);
			defaultConfigurationIsVisible = 0;
			defaultConfigurationName = Release;
		};
		55CACC4529AAAAE9000027FC /* Build configuration list for PBXNativeTarget "JuC" */ = {
			isa = XCConfigurationList;
			buildConfigurations = (
				55CACC4629AAAAE9000027FC /* Debug */,
				55CACC4729AAAAE9000027FC /* Release */,
			);
			defaultConfigurationIsVisible = 0;
			defaultConfigurationName = Release;
		};
/* End XCConfigurationList section */

/* Begin XCRemoteSwiftPackageReference section */
		558D329E29C2F0D200075D41 /* XCRemoteSwiftPackageReference "firebase-ios-sdk" */ = {
			isa = XCRemoteSwiftPackageReference;
			repositoryURL = "https://github.com/firebase/firebase-ios-sdk";
			requirement = {
				kind = upToNextMinorVersion;
				minimumVersion = 9.6.0;
			};
		};
		558D32C029C699FB00075D41 /* XCRemoteSwiftPackageReference "KeyboardObserving" */ = {
			isa = XCRemoteSwiftPackageReference;
			repositoryURL = "https://github.com/nickffox/KeyboardObserving";
			requirement = {
				branch = master;
				kind = branch;
			};
		};
		558E127429CA8CEB004CCF71 /* XCRemoteSwiftPackageReference "openai-kit" */ = {
			isa = XCRemoteSwiftPackageReference;
			repositoryURL = "https://github.com/dylanshine/openai-kit.git";
			requirement = {
				kind = upToNextMinorVersion;
				minimumVersion = 1.4.0;
			};
		};
		55CACC5529AC3849000027FC /* XCRemoteSwiftPackageReference "async-http-client" */ = {
			isa = XCRemoteSwiftPackageReference;
			repositoryURL = "https://github.com/swift-server/async-http-client.git";
			requirement = {
				kind = upToNextMajorVersion;
				minimumVersion = 1.0.0;
			};
		};
/* End XCRemoteSwiftPackageReference section */

/* Begin XCSwiftPackageProductDependency section */
		558D329F29C2F0D200075D41 /* FirebaseAuth */ = {
			isa = XCSwiftPackageProductDependency;
			package = 558D329E29C2F0D200075D41 /* XCRemoteSwiftPackageReference "firebase-ios-sdk" */;
			productName = FirebaseAuth;
		};
		558D32C129C699FB00075D41 /* KeyboardObserving */ = {
			isa = XCSwiftPackageProductDependency;
			package = 558D32C029C699FB00075D41 /* XCRemoteSwiftPackageReference "KeyboardObserving" */;
			productName = KeyboardObserving;
		};
		558E127529CA8CEB004CCF71 /* OpenAIKit */ = {
			isa = XCSwiftPackageProductDependency;
			package = 558E127429CA8CEB004CCF71 /* XCRemoteSwiftPackageReference "openai-kit" */;
			productName = OpenAIKit;
		};
		55CACC5629AC3849000027FC /* AsyncHTTPClient */ = {
			isa = XCSwiftPackageProductDependency;
			package = 55CACC5529AC3849000027FC /* XCRemoteSwiftPackageReference "async-http-client" */;
			productName = AsyncHTTPClient;
		};
/* End XCSwiftPackageProductDependency section */
	};
	rootObject = 55CACC2E29AAAAE8000027FC /* Project object */;
}
